
Microsoft Visual Studio Solution File, Format Version 12.00
# Visual Studio Version 16
VisualStudioVersion = 16.0.31424.327
MinimumVisualStudioVersion = 10.0.40219.1
Project("{9A19103F-16F7-4668-BE54-9A1E7A4F7556}") = "Core", "Core.csproj", "{2F24A8A2-F7CD-4A3C-86BE-A8381942BEC1}"
EndProject
Project("{FAE04EC0-301F-11D3-BF4B-00C04F79EFBC}") = "Test", "..\Test\Test.csproj", "{44AC3E1B-47B7-4F63-A82F-2F4002C43FF5}"
EndProject
Global
	GlobalSection(SolutionConfigurationPlatforms) = preSolution
		Debug|Any CPU = Debug|Any CPU
		Release|Any CPU = Release|Any CPU
	EndGlobalSection
	GlobalSection(ProjectConfigurationPlatforms) = postSolution
		{2F24A8A2-F7CD-4A3C-86BE-A8381942BEC1}.Debug|Any CPU.ActiveCfg = Debug|Any CPU
		{2F24A8A2-F7CD-4A3C-86BE-A8381942BEC1}.Debug|Any CPU.Build.0 = Debug|Any CPU
		{2F24A8A2-F7CD-4A3C-86BE-A8381942BEC1}.Release|Any CPU.ActiveCfg = Release|Any CPU
		{2F24A8A2-F7CD-4A3C-86BE-A8381942BEC1}.Release|Any CPU.Build.0 = Release|Any CPU
		{44AC3E1B-47B7-4F63-A82F-2F4002C43FF5}.Debug|Any CPU.ActiveCfg = Debug|Any CPU
		{44AC3E1B-47B7-4F63-A82F-2F4002C43FF5}.Debug|Any CPU.Build.0 = Debug|Any CPU
		{44AC3E1B-47B7-4F63-A82F-2F4002C43FF5}.Release|Any CPU.ActiveCfg = Release|Any CPU
		{44AC3E1B-47B7-4F63-A82F-2F4002C43FF5}.Release|Any CPU.Build.0 = Release|Any CPU
	EndGlobalSection
	GlobalSection(SolutionProperties) = preSolution
		HideSolutionNode = FALSE
	EndGlobalSection
	GlobalSection(ExtensibilityGlobals) = postSolution
		SolutionGuid = {86D172E0-A042-45C2-9A5B-22C1FD879398}
	EndGlobalSection
EndGlobal
