
Microsoft Visual Studio Solution File, Format Version 12.00
# Visual Studio Version 16
VisualStudioVersion = 16.0.31424.327
MinimumVisualStudioVersion = 10.0.40219.1
Project("{9A19103F-16F7-4668-BE54-9A1E7A4F7556}") = "API", "API.csproj", "{BC1F8B4A-D6BD-45D1-B3E9-A272B26E680C}"
EndProject
Project("{9A19103F-16F7-4668-BE54-9A1E7A4F7556}") = "Core", "..\Core\Core.csproj", "{D422EB1C-7E84-4655-AFF8-4D466979D646}"
EndProject
Project("{FAE04EC0-301F-11D3-BF4B-00C04F79EFBC}") = "TestAPI", "..\TestAPI\TestAPI.csproj", "{D9197591-C8EF-4146-B5F6-253AE212871F}"
EndProject
Global
	GlobalSection(SolutionConfigurationPlatforms) = preSolution
		Debug|Any CPU = Debug|Any CPU
		Release|Any CPU = Release|Any CPU
	EndGlobalSection
	GlobalSection(ProjectConfigurationPlatforms) = postSolution
		{BC1F8B4A-D6BD-45D1-B3E9-A272B26E680C}.Debug|Any CPU.ActiveCfg = Debug|Any CPU
		{BC1F8B4A-D6BD-45D1-B3E9-A272B26E680C}.Debug|Any CPU.Build.0 = Debug|Any CPU
		{BC1F8B4A-D6BD-45D1-B3E9-A272B26E680C}.Release|Any CPU.ActiveCfg = Release|Any CPU
		{BC1F8B4A-D6BD-45D1-B3E9-A272B26E680C}.Release|Any CPU.Build.0 = Release|Any CPU
		{D422EB1C-7E84-4655-AFF8-4D466979D646}.Debug|Any CPU.ActiveCfg = Debug|Any CPU
		{D422EB1C-7E84-4655-AFF8-4D466979D646}.Debug|Any CPU.Build.0 = Debug|Any CPU
		{D422EB1C-7E84-4655-AFF8-4D466979D646}.Release|Any CPU.ActiveCfg = Release|Any CPU
		{D422EB1C-7E84-4655-AFF8-4D466979D646}.Release|Any CPU.Build.0 = Release|Any CPU
		{D9197591-C8EF-4146-B5F6-253AE212871F}.Debug|Any CPU.ActiveCfg = Debug|Any CPU
		{D9197591-C8EF-4146-B5F6-253AE212871F}.Debug|Any CPU.Build.0 = Debug|Any CPU
		{D9197591-C8EF-4146-B5F6-253AE212871F}.Release|Any CPU.ActiveCfg = Release|Any CPU
		{D9197591-C8EF-4146-B5F6-253AE212871F}.Release|Any CPU.Build.0 = Release|Any CPU
	EndGlobalSection
	GlobalSection(SolutionProperties) = preSolution
		HideSolutionNode = FALSE
	EndGlobalSection
	GlobalSection(ExtensibilityGlobals) = postSolution
		SolutionGuid = {22E2FD3F-7897-4E64-B4C2-0CB558CDFAF8}
	EndGlobalSection
EndGlobal
